// !$*UTF8*$!
{
	archiveVersion = 1;
	classes = {
	};
	objectVersion = 55;
	objects = {

/* Begin PBXBuildFile section */
		46E844619688309381EF1997 /* Pods_pokemonGame.framework in Frameworks */ = {isa = PBXBuildFile; fileRef = 30BF665916D9C667D1E4BEE3 /* Pods_pokemonGame.framework */; };
		C6FF540029EF280B00B2453A /* AppDelegate.swift in Sources */ = {isa = PBXBuildFile; fileRef = C6FF53FF29EF280B00B2453A /* AppDelegate.swift */; };
		C6FF540229EF280B00B2453A /* SceneDelegate.swift in Sources */ = {isa = PBXBuildFile; fileRef = C6FF540129EF280B00B2453A /* SceneDelegate.swift */; };
		C6FF540429EF280B00B2453A /* ViewController.swift in Sources */ = {isa = PBXBuildFile; fileRef = C6FF540329EF280B00B2453A /* ViewController.swift */; };
		C6FF540729EF280B00B2453A /* Main.storyboard in Resources */ = {isa = PBXBuildFile; fileRef = C6FF540529EF280B00B2453A /* Main.storyboard */; };
		C6FF540929EF280C00B2453A /* Assets.xcassets in Resources */ = {isa = PBXBuildFile; fileRef = C6FF540829EF280C00B2453A /* Assets.xcassets */; };
		C6FF540C29EF280C00B2453A /* LaunchScreen.storyboard in Resources */ = {isa = PBXBuildFile; fileRef = C6FF540A29EF280C00B2453A /* LaunchScreen.storyboard */; };
		C6FF541529F073DA00B2453A /* PokemonData.swift in Sources */ = {isa = PBXBuildFile; fileRef = C6FF541429F073DA00B2453A /* PokemonData.swift */; };
		C6FF541729F073EE00B2453A /* PokemonManager.swift in Sources */ = {isa = PBXBuildFile; fileRef = C6FF541629F073EE00B2453A /* PokemonManager.swift */; };
		C6FF541929F073FE00B2453A /* PokemonModel.swift in Sources */ = {isa = PBXBuildFile; fileRef = C6FF541829F073FE00B2453A /* PokemonModel.swift */; };
		C6FF541B29F0741900B2453A /* ImageData.swift in Sources */ = {isa = PBXBuildFile; fileRef = C6FF541A29F0741900B2453A /* ImageData.swift */; };
		C6FF541D29F0742F00B2453A /* ImageManager.swift in Sources */ = {isa = PBXBuildFile; fileRef = C6FF541C29F0742F00B2453A /* ImageManager.swift */; };
		C6FF541F29F0744200B2453A /* ImageModel.swift in Sources */ = {isa = PBXBuildFile; fileRef = C6FF541E29F0744200B2453A /* ImageModel.swift */; };
		C6FF542129F0750700B2453A /* GameModel.swift in Sources */ = {isa = PBXBuildFile; fileRef = C6FF542029F0750700B2453A /* GameModel.swift */; };
/* End PBXBuildFile section */

/* Begin PBXFileReference section */
		2B9AE278259F493D2762C070 /* Pods-pokemonGame.debug.xcconfig */ = {isa = PBXFileReference; includeInIndex = 1; lastKnownFileType = text.xcconfig; name = "Pods-pokemonGame.debug.xcconfig"; path = "Target Support Files/Pods-pokemonGame/Pods-pokemonGame.debug.xcconfig"; sourceTree = "<group>"; };
		30BF665916D9C667D1E4BEE3 /* Pods_pokemonGame.framework */ = {isa = PBXFileReference; explicitFileType = wrapper.framework; includeInIndex = 0; path = Pods_pokemonGame.framework; sourceTree = BUILT_PRODUCTS_DIR; };
		C6FF53FC29EF280B00B2453A /* pokemonGame.app */ = {isa = PBXFileReference; explicitFileType = wrapper.application; includeInIndex = 0; path = pokemonGame.app; sourceTree = BUILT_PRODUCTS_DIR; };
		C6FF53FF29EF280B00B2453A /* AppDelegate.swift */ = {isa = PBXFileReference; lastKnownFileType = sourcecode.swift; path = AppDelegate.swift; sourceTree = "<group>"; };
		C6FF540129EF280B00B2453A /* SceneDelegate.swift */ = {isa = PBXFileReference; lastKnownFileType = sourcecode.swift; path = SceneDelegate.swift; sourceTree = "<group>"; };
		C6FF540329EF280B00B2453A /* ViewController.swift */ = {isa = PBXFileReference; lastKnownFileType = sourcecode.swift; path = ViewController.swift; sourceTree = "<group>"; };
		C6FF540629EF280B00B2453A /* Base */ = {isa = PBXFileReference; lastKnownFileType = file.storyboard; name = Base; path = Base.lproj/Main.storyboard; sourceTree = "<group>"; };
		C6FF540829EF280C00B2453A /* Assets.xcassets */ = {isa = PBXFileReference; lastKnownFileType = folder.assetcatalog; path = Assets.xcassets; sourceTree = "<group>"; };
		C6FF540B29EF280C00B2453A /* Base */ = {isa = PBXFileReference; lastKnownFileType = file.storyboard; name = Base; path = Base.lproj/LaunchScreen.storyboard; sourceTree = "<group>"; };
		C6FF540D29EF280C00B2453A /* Info.plist */ = {isa = PBXFileReference; lastKnownFileType = text.plist.xml; path = Info.plist; sourceTree = "<group>"; };
		C6FF541429F073DA00B2453A /* PokemonData.swift */ = {isa = PBXFileReference; lastKnownFileType = sourcecode.swift; path = PokemonData.swift; sourceTree = "<group>"; };
		C6FF541629F073EE00B2453A /* PokemonManager.swift */ = {isa = PBXFileReference; lastKnownFileType = sourcecode.swift; path = PokemonManager.swift; sourceTree = "<group>"; };
		C6FF541829F073FE00B2453A /* PokemonModel.swift */ = {isa = PBXFileReference; lastKnownFileType = sourcecode.swift; path = PokemonModel.swift; sourceTree = "<group>"; };
		C6FF541A29F0741900B2453A /* ImageData.swift */ = {isa = PBXFileReference; lastKnownFileType = sourcecode.swift; path = ImageData.swift; sourceTree = "<group>"; };
		C6FF541C29F0742F00B2453A /* ImageManager.swift */ = {isa = PBXFileReference; lastKnownFileType = sourcecode.swift; path = ImageManager.swift; sourceTree = "<group>"; };
		C6FF541E29F0744200B2453A /* ImageModel.swift */ = {isa = PBXFileReference; lastKnownFileType = sourcecode.swift; path = ImageModel.swift; sourceTree = "<group>"; };
		C6FF542029F0750700B2453A /* GameModel.swift */ = {isa = PBXFileReference; lastKnownFileType = sourcecode.swift; path = GameModel.swift; sourceTree = "<group>"; };
		FE38A3C5D543E46A9ECBB53B /* Pods-pokemonGame.release.xcconfig */ = {isa = PBXFileReference; includeInIndex = 1; lastKnownFileType = text.xcconfig; name = "Pods-pokemonGame.release.xcconfig"; path = "Target Support Files/Pods-pokemonGame/Pods-pokemonGame.release.xcconfig"; sourceTree = "<group>"; };
/* End PBXFileReference section */

/* Begin PBXFrameworksBuildPhase section */
		C6FF53F929EF280B00B2453A /* Frameworks */ = {
			isa = PBXFrameworksBuildPhase;
			buildActionMask = 2147483647;
			files = (
				46E844619688309381EF1997 /* Pods_pokemonGame.framework in Frameworks */,
			);
			runOnlyForDeploymentPostprocessing = 0;
		};
/* End PBXFrameworksBuildPhase section */

/* Begin PBXGroup section */
		C527E634FA8961B5CE7F8E93 /* Frameworks */ = {
			isa = PBXGroup;
			children = (
				30BF665916D9C667D1E4BEE3 /* Pods_pokemonGame.framework */,
			);
			name = Frameworks;
			sourceTree = "<group>";
		};
		C6FF53F329EF280A00B2453A = {
			isa = PBXGroup;
			children = (
				C6FF53FE29EF280B00B2453A /* pokemonGame */,
				C6FF53FD29EF280B00B2453A /* Products */,
				CE5CBA5665DA2808F9C05425 /* Pods */,
				C527E634FA8961B5CE7F8E93 /* Frameworks */,
			);
			sourceTree = "<group>";
		};
		C6FF53FD29EF280B00B2453A /* Products */ = {
			isa = PBXGroup;
			children = (
				C6FF53FC29EF280B00B2453A /* pokemonGame.app */,
			);
			name = Products;
			sourceTree = "<group>";
		};
		C6FF53FE29EF280B00B2453A /* pokemonGame */ = {
			isa = PBXGroup;
			children = (
				C6FF53FF29EF280B00B2453A /* AppDelegate.swift */,
				C6FF540129EF280B00B2453A /* SceneDelegate.swift */,
				C6FF541329F0737B00B2453A /* Model */,
				C6FF542229F0753300B2453A /* View */,
				C6FF542429F0756700B2453A /* Controller */,
				C6FF540829EF280C00B2453A /* Assets.xcassets */,
				C6FF540A29EF280C00B2453A /* LaunchScreen.storyboard */,
				C6FF540D29EF280C00B2453A /* Info.plist */,
			);
			path = pokemonGame;
			sourceTree = "<group>";
		};
		C6FF541329F0737B00B2453A /* Model */ = {
			isa = PBXGroup;
			children = (
				C6FF541429F073DA00B2453A /* PokemonData.swift */,
				C6FF541629F073EE00B2453A /* PokemonManager.swift */,
				C6FF541829F073FE00B2453A /* PokemonModel.swift */,
				C6FF541A29F0741900B2453A /* ImageData.swift */,
				C6FF541C29F0742F00B2453A /* ImageManager.swift */,
				C6FF541E29F0744200B2453A /* ImageModel.swift */,
				C6FF542029F0750700B2453A /* GameModel.swift */,
			);
			path = Model;
			sourceTree = "<group>";
		};
		C6FF542229F0753300B2453A /* View */ = {
			isa = PBXGroup;
			children = (
				C6FF540529EF280B00B2453A /* Main.storyboard */,
			);
			path = View;
			sourceTree = "<group>";
		};
		C6FF542429F0756700B2453A /* Controller */ = {
			isa = PBXGroup;
			children = (
				C6FF540329EF280B00B2453A /* ViewController.swift */,
			);
			path = Controller;
			sourceTree = "<group>";
		};
		CE5CBA5665DA2808F9C05425 /* Pods */ = {
			isa = PBXGroup;
			children = (
				2B9AE278259F493D2762C070 /* Pods-pokemonGame.debug.xcconfig */,
				FE38A3C5D543E46A9ECBB53B /* Pods-pokemonGame.release.xcconfig */,
			);
			name = Pods;
			path = Pods;
			sourceTree = "<group>";
		};
/* End PBXGroup section */

/* Begin PBXNativeTarget section */
		C6FF53FB29EF280B00B2453A /* pokemonGame */ = {
			isa = PBXNativeTarget;
			buildConfigurationList = C6FF541029EF280C00B2453A /* Build configuration list for PBXNativeTarget "pokemonGame" */;
			buildPhases = (
				F2CC47BC480BAA0598B8F36D /* [CP] Check Pods Manifest.lock */,
				C6FF53F829EF280B00B2453A /* Sources */,
				C6FF53F929EF280B00B2453A /* Frameworks */,
				C6FF53FA29EF280B00B2453A /* Resources */,
				2DAB61365B61E3D76AF2C490 /* [CP] Embed Pods Frameworks */,
			);
			buildRules = (
			);
			dependencies = (
			);
			name = pokemonGame;
			productName = pokemonGame;
			productReference = C6FF53FC29EF280B00B2453A /* pokemonGame.app */;
			productType = "com.apple.product-type.application";
		};
/* End PBXNativeTarget section */

/* Begin PBXProject section */
		C6FF53F429EF280A00B2453A /* Project object */ = {
			isa = PBXProject;
			attributes = {
				BuildIndependentTargetsInParallel = 1;
				LastSwiftUpdateCheck = 1300;
				LastUpgradeCheck = 1300;
				TargetAttributes = {
					C6FF53FB29EF280B00B2453A = {
						CreatedOnToolsVersion = 13.0;
					};
				};
			};
			buildConfigurationList = C6FF53F729EF280A00B2453A /* Build configuration list for PBXProject "pokemonGame" */;
			compatibilityVersion = "Xcode 13.0";
			developmentRegion = en;
			hasScannedForEncodings = 0;
			knownRegions = (
				en,
				Base,
			);
			mainGroup = C6FF53F329EF280A00B2453A;
			productRefGroup = C6FF53FD29EF280B00B2453A /* Products */;
			projectDirPath = "";
			projectRoot = "";
			targets = (
				C6FF53FB29EF280B00B2453A /* pokemonGame */,
			);
		};
/* End PBXProject section */

/* Begin PBXResourcesBuildPhase section */
		C6FF53FA29EF280B00B2453A /* Resources */ = {
			isa = PBXResourcesBuildPhase;
			buildActionMask = 2147483647;
			files = (
				C6FF540C29EF280C00B2453A /* LaunchScreen.storyboard in Resources */,
				C6FF540929EF280C00B2453A /* Assets.xcassets in Resources */,
				C6FF540729EF280B00B2453A /* Main.storyboard in Resources */,
			);
			runOnlyForDeploymentPostprocessing = 0;
		};
/* End PBXResourcesBuildPhase section */

/* Begin PBXShellScriptBuildPhase section */
		2DAB61365B61E3D76AF2C490 /* [CP] Embed Pods Frameworks */ = {
			isa = PBXShellScriptBuildPhase;
			buildActionMask = 2147483647;
			files = (
			);
			inputFileListPaths = (
				"${PODS_ROOT}/Target Support Files/Pods-pokemonGame/Pods-pokemonGame-frameworks-${CONFIGURATION}-input-files.xcfilelist",
			);
			name = "[CP] Embed Pods Frameworks";
			outputFileListPaths = (
				"${PODS_ROOT}/Target Support Files/Pods-pokemonGame/Pods-pokemonGame-frameworks-${CONFIGURATION}-output-files.xcfilelist",
			);
			runOnlyForDeploymentPostprocessing = 0;
			shellPath = /bin/sh;
			shellScript = "\"${PODS_ROOT}/Target Support Files/Pods-pokemonGame/Pods-pokemonGame-frameworks.sh\"\n";
			showEnvVarsInLog = 0;
		};
		F2CC47BC480BAA0598B8F36D /* [CP] Check Pods Manifest.lock */ = {
			isa = PBXShellScriptBuildPhase;
			buildActionMask = 2147483647;
			files = (
			);
			inputFileListPaths = (
			);
			inputPaths = (
				"${PODS_PODFILE_DIR_PATH}/Podfile.lock",
				"${PODS_ROOT}/Manifest.lock",
			);
			name = "[CP] Check Pods Manifest.lock";
			outputFileListPaths = (
			);
			outputPaths = (
				"$(DERIVED_FILE_DIR)/Pods-pokemonGame-checkManifestLockResult.txt",
			);
			runOnlyForDeploymentPostprocessing = 0;
			shellPath = /bin/sh;
			shellScript = "diff \"${PODS_PODFILE_DIR_PATH}/Podfile.lock\" \"${PODS_ROOT}/Manifest.lock\" > /dev/null\nif [ $? != 0 ] ; then\n    # print error to STDERR\n    echo \"error: The sandbox is not in sync with the Podfile.lock. Run 'pod install' or update your CocoaPods installation.\" >&2\n    exit 1\nfi\n# This output is used by Xcode 'outputs' to avoid re-running this script phase.\necho \"SUCCESS\" > \"${SCRIPT_OUTPUT_FILE_0}\"\n";
			showEnvVarsInLog = 0;
		};
/* End PBXShellScriptBuildPhase section */

/* Begin PBXSourcesBuildPhase section */
		C6FF53F829EF280B00B2453A /* Sources */ = {
			isa = PBXSourcesBuildPhase;
			buildActionMask = 2147483647;
			files = (
				C6FF540429EF280B00B2453A /* ViewController.swift in Sources */,
				C6FF541929F073FE00B2453A /* PokemonModel.swift in Sources */,
				C6FF540029EF280B00B2453A /* AppDelegate.swift in Sources */,
				C6FF541D29F0742F00B2453A /* ImageManager.swift in Sources */,
				C6FF541F29F0744200B2453A /* ImageModel.swift in Sources */,
				C6FF542129F0750700B2453A /* GameModel.swift in Sources */,
				C6FF541729F073EE00B2453A /* PokemonManager.swift in Sources */,
				C6FF540229EF280B00B2453A /* SceneDelegate.swift in Sources */,
				C6FF541529F073DA00B2453A /* PokemonData.swift in Sources */,
				C6FF541B29F0741900B2453A /* ImageData.swift in Sources */,
			);
			runOnlyForDeploymentPostprocessing = 0;
		};
/* End PBXSourcesBuildPhase section */

/* Begin PBXVariantGroup section */
		C6FF540529EF280B00B2453A /* Main.storyboard */ = {
			isa = PBXVariantGroup;
			children = (
				C6FF540629EF280B00B2453A /* Base */,
			);
			name = Main.storyboard;
			sourceTree = "<group>";
		};
		C6FF540A29EF280C00B2453A /* LaunchScreen.storyboard */ = {
			isa = PBXVariantGroup;
			children = (
				C6FF540B29EF280C00B2453A /* Base */,
			);
			name = LaunchScreen.storyboard;
			sourceTree = "<group>";
		};
/* End PBXVariantGroup section */

/* Begin XCBuildConfiguration section */
		C6FF540E29EF280C00B2453A /* Debug */ = {
			isa = XCBuildConfiguration;
			buildSettings = {
				ALWAYS_SEARCH_USER_PATHS = NO;
				CLANG_ANALYZER_NONNULL = YES;
				CLANG_ANALYZER_NUMBER_OBJECT_CONVERSION = YES_AGGRESSIVE;
				CLANG_CXX_LANGUAGE_STANDARD = "gnu++17";
				CLANG_CXX_LIBRARY = "libc++";
				CLANG_ENABLE_MODULES = YES;
				CLANG_ENABLE_OBJC_ARC = YES;
				CLANG_ENABLE_OBJC_WEAK = YES;
				CLANG_WARN_BLOCK_CAPTURE_AUTORELEASING = YES;
				CLANG_WARN_BOOL_CONVERSION = YES;
				CLANG_WARN_COMMA = YES;
				CLANG_WARN_CONSTANT_CONVERSION = YES;
				CLANG_WARN_DEPRECATED_OBJC_IMPLEMENTATIONS = YES;
				CLANG_WARN_DIRECT_OBJC_ISA_USAGE = YES_ERROR;
				CLANG_WARN_DOCUMENTATION_COMMENTS = YES;
				CLANG_WARN_EMPTY_BODY = YES;
				CLANG_WARN_ENUM_CONVERSION = YES;
				CLANG_WARN_INFINITE_RECURSION = YES;
				CLANG_WARN_INT_CONVERSION = YES;
				CLANG_WARN_NON_LITERAL_NULL_CONVERSION = YES;
				CLANG_WARN_OBJC_IMPLICIT_RETAIN_SELF = YES;
				CLANG_WARN_OBJC_LITERAL_CONVERSION = YES;
				CLANG_WARN_OBJC_ROOT_CLASS = YES_ERROR;
				CLANG_WARN_QUOTED_INCLUDE_IN_FRAMEWORK_HEADER = YES;
				CLANG_WARN_RANGE_LOOP_ANALYSIS = YES;
				CLANG_WARN_STRICT_PROTOTYPES = YES;
				CLANG_WARN_SUSPICIOUS_MOVE = YES;
				CLANG_WARN_UNGUARDED_AVAILABILITY = YES_AGGRESSIVE;
				CLANG_WARN_UNREACHABLE_CODE = YES;
				CLANG_WARN__DUPLICATE_METHOD_MATCH = YES;
				COPY_PHASE_STRIP = NO;
				DEBUG_INFORMATION_FORMAT = dwarf;
				ENABLE_STRICT_OBJC_MSGSEND = YES;
				ENABLE_TESTABILITY = YES;
				GCC_C_LANGUAGE_STANDARD = gnu11;
				GCC_DYNAMIC_NO_PIC = NO;
				GCC_NO_COMMON_BLOCKS = YES;
				GCC_OPTIMIZATION_LEVEL = 0;
				GCC_PREPROCESSOR_DEFINITIONS = (
					"DEBUG=1",
					"$(inherited)",
				);
				GCC_WARN_64_TO_32_BIT_CONVERSION = YES;
				GCC_WARN_ABOUT_RETURN_TYPE = YES_ERROR;
				GCC_WARN_UNDECLARED_SELECTOR = YES;
				GCC_WARN_UNINITIALIZED_AUTOS = YES_AGGRESSIVE;
				GCC_WARN_UNUSED_FUNCTION = YES;
				GCC_WARN_UNUSED_VARIABLE = YES;
				IPHONEOS_DEPLOYMENT_TARGET = 15.0;
				MTL_ENABLE_DEBUG_INFO = INCLUDE_SOURCE;
				MTL_FAST_MATH = YES;
				ONLY_ACTIVE_ARCH = YES;
				SDKROOT = iphoneos;
				SWIFT_ACTIVE_COMPILATION_CONDITIONS = DEBUG;
				SWIFT_OPTIMIZATION_LEVEL = "-Onone";
			};
			name = Debug;
		};
		C6FF540F29EF280C00B2453A /* Release */ = {
			isa = XCBuildConfiguration;
			buildSettings = {
				ALWAYS_SEARCH_USER_PATHS = NO;
				CLANG_ANALYZER_NONNULL = YES;
				CLANG_ANALYZER_NUMBER_OBJECT_CONVERSION = YES_AGGRESSIVE;
				CLANG_CXX_LANGUAGE_STANDARD = "gnu++17";
				CLANG_CXX_LIBRARY = "libc++";
				CLANG_ENABLE_MODULES = YES;
				CLANG_ENABLE_OBJC_ARC = YES;
				CLANG_ENABLE_OBJC_WEAK = YES;
				CLANG_WARN_BLOCK_CAPTURE_AUTORELEASING = YES;
				CLANG_WARN_BOOL_CONVERSION = YES;
				CLANG_WARN_COMMA = YES;
				CLANG_WARN_CONSTANT_CONVERSION = YES;
				CLANG_WARN_DEPRECATED_OBJC_IMPLEMENTATIONS = YES;
				CLANG_WARN_DIRECT_OBJC_ISA_USAGE = YES_ERROR;
				CLANG_WARN_DOCUMENTATION_COMMENTS = YES;
				CLANG_WARN_EMPTY_BODY = YES;
				CLANG_WARN_ENUM_CONVERSION = YES;
				CLANG_WARN_INFINITE_RECURSION = YES;
				CLANG_WARN_INT_CONVERSION = YES;
				CLANG_WARN_NON_LITERAL_NULL_CONVERSION = YES;
				CLANG_WARN_OBJC_IMPLICIT_RETAIN_SELF = YES;
				CLANG_WARN_OBJC_LITERAL_CONVERSION = YES;
				CLANG_WARN_OBJC_ROOT_CLASS = YES_ERROR;
				CLANG_WARN_QUOTED_INCLUDE_IN_FRAMEWORK_HEADER = YES;
				CLANG_WARN_RANGE_LOOP_ANALYSIS = YES;
				CLANG_WARN_STRICT_PROTOTYPES = YES;
				CLANG_WARN_SUSPICIOUS_MOVE = YES;
				CLANG_WARN_UNGUARDED_AVAILABILITY = YES_AGGRESSIVE;
				CLANG_WARN_UNREACHABLE_CODE = YES;
				CLANG_WARN__DUPLICATE_METHOD_MATCH = YES;
				COPY_PHASE_STRIP = NO;
				DEBUG_INFORMATION_FORMAT = "dwarf-with-dsym";
				ENABLE_NS_ASSERTIONS = NO;
				ENABLE_STRICT_OBJC_MSGSEND = YES;
				GCC_C_LANGUAGE_STANDARD = gnu11;
				GCC_NO_COMMON_BLOCKS = YES;
				GCC_WARN_64_TO_32_BIT_CONVERSION = YES;
				GCC_WARN_ABOUT_RETURN_TYPE = YES_ERROR;
				GCC_WARN_UNDECLARED_SELECTOR = YES;
				GCC_WARN_UNINITIALIZED_AUTOS = YES_AGGRESSIVE;
				GCC_WARN_UNUSED_FUNCTION = YES;
				GCC_WARN_UNUSED_VARIABLE = YES;
				IPHONEOS_DEPLOYMENT_TARGET = 15.0;
				MTL_ENABLE_DEBUG_INFO = NO;
				MTL_FAST_MATH = YES;
				SDKROOT = iphoneos;
				SWIFT_COMPILATION_MODE = wholemodule;
				SWIFT_OPTIMIZATION_LEVEL = "-O";
				VALIDATE_PRODUCT = YES;
			};
			name = Release;
		};
		C6FF541129EF280C00B2453A /* Debug */ = {
			isa = XCBuildConfiguration;
			baseConfigurationReference = 2B9AE278259F493D2762C070 /* Pods-pokemonGame.debug.xcconfig */;
			buildSettings = {
				ASSETCATALOG_COMPILER_APPICON_NAME = AppIcon;
				ASSETCATALOG_COMPILER_GLOBAL_ACCENT_COLOR_NAME = AccentColor;
				CODE_SIGN_STYLE = Automatic;
				CURRENT_PROJECT_VERSION = 1;
				DEVELOPMENT_TEAM = HYNZSVXQ7G;
				GENERATE_INFOPLIST_FILE = YES;
				INFOPLIST_FILE = pokemonGame/Info.plist;
				INFOPLIST_KEY_UIApplicationSupportsIndirectInputEvents = YES;
				INFOPLIST_KEY_UILaunchStoryboardName = LaunchScreen;
				INFOPLIST_KEY_UIMainStoryboardFile = Main;
				INFOPLIST_KEY_UISupportedInterfaceOrientations = "UIInterfaceOrientationPortrait UIInterfaceOrientationPortraitUpsideDown";
				INFOPLIST_KEY_UISupportedInterfaceOrientations_iPad = "UIInterfaceOrientationPortrait UIInterfaceOrientationPortraitUpsideDown UIInterfaceOrientationLandscapeLeft UIInterfaceOrientationLandscapeRight";
				INFOPLIST_KEY_UISupportedInterfaceOrientations_iPhone = "UIInterfaceOrientationPortrait UIInterfaceOrientationLandscapeLeft UIInterfaceOrientationLandscapeRight";
				LD_RUNPATH_SEARCH_PATHS = (
					"$(inherited)",
					"@executable_path/Frameworks",
				);
				MARKETING_VERSION = 1.0;
				PRODUCT_BUNDLE_IDENTIFIER = dev.danidiazt.pokemonGame;
				PRODUCT_NAME = "$(TARGET_NAME)";
				SWIFT_EMIT_LOC_STRINGS = YES;
				SWIFT_VERSION = 5.0;
				TARGETED_DEVICE_FAMILY = 1;
			};
			name = Debug;
		};
		C6FF541229EF280C00B2453A /* Release */ = {
			isa = XCBuildConfiguration;
			baseConfigurationReference = FE38A3C5D543E46A9ECBB53B /* Pods-pokemonGame.release.xcconfig */;
			buildSettings = {
				ASSETCATALOG_COMPILER_APPICON_NAME = AppIcon;
				ASSETCATALOG_COMPILER_GLOBAL_ACCENT_COLOR_NAME = AccentColor;
				CODE_SIGN_STYLE = Automatic;
				CURRENT_PROJECT_VERSION = 1;
				DEVELOPMENT_TEAM = HYNZSVXQ7G;
				GENERATE_INFOPLIST_FILE = YES;
				INFOPLIST_FILE = pokemonGame/Info.plist;
				INFOPLIST_KEY_UIApplicationSupportsIndirectInputEvents = YES;
				INFOPLIST_KEY_UILaunchStoryboardName = LaunchScreen;
				INFOPLIST_KEY_UIMainStoryboardFile = Main;
				INFOPLIST_KEY_UISupportedInterfaceOrientations = "UIInterfaceOrientationPortrait UIInterfaceOrientationPortraitUpsideDown";
				INFOPLIST_KEY_UISupportedInterfaceOrientations_iPad = "UIInterfaceOrientationPortrait UIInterfaceOrientationPortraitUpsideDown UIInterfaceOrientationLandscapeLeft UIInterfaceOrientationLandscapeRight";
				INFOPLIST_KEY_UISupportedInterfaceOrientations_iPhone = "UIInterfaceOrientationPortrait UIInterfaceOrientationLandscapeLeft UIInterfaceOrientationLandscapeRight";
				LD_RUNPATH_SEARCH_PATHS = (
					"$(inherited)",
					"@executable_path/Frameworks",
				);
				MARKETING_VERSION = 1.0;
				PRODUCT_BUNDLE_IDENTIFIER = dev.danidiazt.pokemonGame;
				PRODUCT_NAME = "$(TARGET_NAME)";
				SWIFT_EMIT_LOC_STRINGS = YES;
				SWIFT_VERSION = 5.0;
				TARGETED_DEVICE_FAMILY = 1;
			};
			name = Release;
		};
/* End XCBuildConfiguration section */

/* Begin XCConfigurationList section */
		C6FF53F729EF280A00B2453A /* Build configuration list for PBXProject "pokemonGame" */ = {
			isa = XCConfigurationList;
			buildConfigurations = (
				C6FF540E29EF280C00B2453A /* Debug */,
				C6FF540F29EF280C00B2453A /* Release */,
			);
			defaultConfigurationIsVisible = 0;
			defaultConfigurationName = Release;
		};
		C6FF541029EF280C00B2453A /* Build configuration list for PBXNativeTarget "pokemonGame" */ = {
			isa = XCConfigurationList;
			buildConfigurations = (
				C6FF541129EF280C00B2453A /* Debug */,
				C6FF541229EF280C00B2453A /* Release */,
			);
			defaultConfigurationIsVisible = 0;
			defaultConfigurationName = Release;
		};
/* End XCConfigurationList section */
	};
	rootObject = C6FF53F429EF280A00B2453A /* Project object */;
}
